
Microsoft Visual Studio Solution File, Format Version 12.00
# Visual Studio Version 16
VisualStudioVersion = 16.0.30225.117
MinimumVisualStudioVersion = 10.0.40219.1
Project("{FAE04EC0-301F-11D3-BF4B-00C04F79EFBC}") = "Homework2", "Homework2\Homework2.csproj", "{A9805BFA-EFCD-43C3-8F6D-0AC58A01CA43}"
EndProject
Project("{FAE04EC0-301F-11D3-BF4B-00C04F79EFBC}") = "Homework2.3", "Homework2.3\Homework2.3.csproj", "{C13885A2-2237-445B-B19D-A980FB31FF02}"
EndProject
Project("{FAE04EC0-301F-11D3-BF4B-00C04F79EFBC}") = "Homework2.4", "Homework2.4\Homework2.4.csproj", "{D06F8189-DAC0-4D84-97BB-7FC7C2806B0A}"
EndProject
Global
	GlobalSection(SolutionConfigurationPlatforms) = preSolution
		Debug|Any CPU = Debug|Any CPU
		Release|Any CPU = Release|Any CPU
	EndGlobalSection
	GlobalSection(ProjectConfigurationPlatforms) = postSolution
		{A9805BFA-EFCD-43C3-8F6D-0AC58A01CA43}.Debug|Any CPU.ActiveCfg = Debug|Any CPU
		{A9805BFA-EFCD-43C3-8F6D-0AC58A01CA43}.Debug|Any CPU.Build.0 = Debug|Any CPU
		{A9805BFA-EFCD-43C3-8F6D-0AC58A01CA43}.Release|Any CPU.ActiveCfg = Release|Any CPU
		{A9805BFA-EFCD-43C3-8F6D-0AC58A01CA43}.Release|Any CPU.Build.0 = Release|Any CPU
		{C13885A2-2237-445B-B19D-A980FB31FF02}.Debug|Any CPU.ActiveCfg = Debug|Any CPU
		{C13885A2-2237-445B-B19D-A980FB31FF02}.Debug|Any CPU.Build.0 = Debug|Any CPU
		{C13885A2-2237-445B-B19D-A980FB31FF02}.Release|Any CPU.ActiveCfg = Release|Any CPU
		{C13885A2-2237-445B-B19D-A980FB31FF02}.Release|Any CPU.Build.0 = Release|Any CPU
		{D06F8189-DAC0-4D84-97BB-7FC7C2806B0A}.Debug|Any CPU.ActiveCfg = Debug|Any CPU
		{D06F8189-DAC0-4D84-97BB-7FC7C2806B0A}.Debug|Any CPU.Build.0 = Debug|Any CPU
		{D06F8189-DAC0-4D84-97BB-7FC7C2806B0A}.Release|Any CPU.ActiveCfg = Release|Any CPU
		{D06F8189-DAC0-4D84-97BB-7FC7C2806B0A}.Release|Any CPU.Build.0 = Release|Any CPU
	EndGlobalSection
	GlobalSection(SolutionProperties) = preSolution
		HideSolutionNode = FALSE
	EndGlobalSection
	GlobalSection(ExtensibilityGlobals) = postSolution
		SolutionGuid = {EB453A7C-BAB5-4906-BB4B-02AECBBAB40C}
	EndGlobalSection
EndGlobal
