
Microsoft Visual Studio Solution File, Format Version 12.00
# Visual Studio Version 16
VisualStudioVersion = 16.0.30225.117
MinimumVisualStudioVersion = 10.0.40219.1
Project("{FAE04EC0-301F-11D3-BF4B-00C04F79EFBC}") = "HW2", "HW2\HW2.csproj", "{F1D12AE7-692A-4939-9FF6-B7E0F155698E}"
EndProject
Project("{FAE04EC0-301F-11D3-BF4B-00C04F79EFBC}") = "HW2.3", "HW2.3\HW2.3.csproj", "{1F94D107-3F32-4213-94C0-5E773A6B609A}"
EndProject
Project("{FAE04EC0-301F-11D3-BF4B-00C04F79EFBC}") = "HW2.4", "HW2.4\HW2.4.csproj", "{9E2A6A8F-D23D-44CF-AF02-D055D5660B04}"
EndProject
Global
	GlobalSection(SolutionConfigurationPlatforms) = preSolution
		Debug|Any CPU = Debug|Any CPU
		Release|Any CPU = Release|Any CPU
	EndGlobalSection
	GlobalSection(ProjectConfigurationPlatforms) = postSolution
		{F1D12AE7-692A-4939-9FF6-B7E0F155698E}.Debug|Any CPU.ActiveCfg = Debug|Any CPU
		{F1D12AE7-692A-4939-9FF6-B7E0F155698E}.Debug|Any CPU.Build.0 = Debug|Any CPU
		{F1D12AE7-692A-4939-9FF6-B7E0F155698E}.Release|Any CPU.ActiveCfg = Release|Any CPU
		{F1D12AE7-692A-4939-9FF6-B7E0F155698E}.Release|Any CPU.Build.0 = Release|Any CPU
		{1F94D107-3F32-4213-94C0-5E773A6B609A}.Debug|Any CPU.ActiveCfg = Debug|Any CPU
		{1F94D107-3F32-4213-94C0-5E773A6B609A}.Debug|Any CPU.Build.0 = Debug|Any CPU
		{1F94D107-3F32-4213-94C0-5E773A6B609A}.Release|Any CPU.ActiveCfg = Release|Any CPU
		{1F94D107-3F32-4213-94C0-5E773A6B609A}.Release|Any CPU.Build.0 = Release|Any CPU
		{9E2A6A8F-D23D-44CF-AF02-D055D5660B04}.Debug|Any CPU.ActiveCfg = Debug|Any CPU
		{9E2A6A8F-D23D-44CF-AF02-D055D5660B04}.Debug|Any CPU.Build.0 = Debug|Any CPU
		{9E2A6A8F-D23D-44CF-AF02-D055D5660B04}.Release|Any CPU.ActiveCfg = Release|Any CPU
		{9E2A6A8F-D23D-44CF-AF02-D055D5660B04}.Release|Any CPU.Build.0 = Release|Any CPU
	EndGlobalSection
	GlobalSection(SolutionProperties) = preSolution
		HideSolutionNode = FALSE
	EndGlobalSection
	GlobalSection(ExtensibilityGlobals) = postSolution
		SolutionGuid = {901DADBB-59E2-4AB2-8EA1-4F1A90E26278}
	EndGlobalSection
EndGlobal
