
Microsoft Visual Studio Solution File, Format Version 12.00
# Visual Studio Version 16
VisualStudioVersion = 16.0.30225.117
MinimumVisualStudioVersion = 10.0.40219.1
Project("{FAE04EC0-301F-11D3-BF4B-00C04F79EFBC}") = "OrderManagementWithWinForm", "OrderManagementWithWinForm\OrderManagementWithWinForm.csproj", "{8FF114AB-3825-4FB0-98C6-388B41CF9893}"
EndProject
Global
	GlobalSection(SolutionConfigurationPlatforms) = preSolution
		Debug|Any CPU = Debug|Any CPU
		Release|Any CPU = Release|Any CPU
	EndGlobalSection
	GlobalSection(ProjectConfigurationPlatforms) = postSolution
		{8FF114AB-3825-4FB0-98C6-388B41CF9893}.Debug|Any CPU.ActiveCfg = Debug|Any CPU
		{8FF114AB-3825-4FB0-98C6-388B41CF9893}.Debug|Any CPU.Build.0 = Debug|Any CPU
		{8FF114AB-3825-4FB0-98C6-388B41CF9893}.Release|Any CPU.ActiveCfg = Release|Any CPU
		{8FF114AB-3825-4FB0-98C6-388B41CF9893}.Release|Any CPU.Build.0 = Release|Any CPU
	EndGlobalSection
	GlobalSection(SolutionProperties) = preSolution
		HideSolutionNode = FALSE
	EndGlobalSection
	GlobalSection(ExtensibilityGlobals) = postSolution
		SolutionGuid = {59475490-2CDC-49ED-83D9-E260841634E7}
	EndGlobalSection
EndGlobal
